
Microsoft Visual Studio Solution File, Format Version 12.00
# Visual Studio Version 16
VisualStudioVersion = 16.0.31702.278
MinimumVisualStudioVersion = 10.0.40219.1
Project("{FAE04EC0-301F-11D3-BF4B-00C04F79EFBC}") = "WE4_Tamagotchi", "WE4_Tamagotchi\WE4_Tamagotchi.csproj", "{9A7DC1A2-C580-4D09-8E30-DB7B61F63D5A}"
EndProject
Project("{FAE04EC0-301F-11D3-BF4B-00C04F79EFBC}") = "WE4_TamaWPF", "WE4_TamaWPF\WE4_TamaWPF.csproj", "{66B13389-0E7C-4951-AA21-D38E6AB25461}"
EndProject
Global
	GlobalSection(SolutionConfigurationPlatforms) = preSolution
		Debug|Any CPU = Debug|Any CPU
		Release|Any CPU = Release|Any CPU
	EndGlobalSection
	GlobalSection(ProjectConfigurationPlatforms) = postSolution
		{9A7DC1A2-C580-4D09-8E30-DB7B61F63D5A}.Debug|Any CPU.ActiveCfg = Debug|Any CPU
		{9A7DC1A2-C580-4D09-8E30-DB7B61F63D5A}.Debug|Any CPU.Build.0 = Debug|Any CPU
		{9A7DC1A2-C580-4D09-8E30-DB7B61F63D5A}.Release|Any CPU.ActiveCfg = Release|Any CPU
		{9A7DC1A2-C580-4D09-8E30-DB7B61F63D5A}.Release|Any CPU.Build.0 = Release|Any CPU
		{66B13389-0E7C-4951-AA21-D38E6AB25461}.Debug|Any CPU.ActiveCfg = Debug|Any CPU
		{66B13389-0E7C-4951-AA21-D38E6AB25461}.Debug|Any CPU.Build.0 = Debug|Any CPU
		{66B13389-0E7C-4951-AA21-D38E6AB25461}.Release|Any CPU.ActiveCfg = Release|Any CPU
		{66B13389-0E7C-4951-AA21-D38E6AB25461}.Release|Any CPU.Build.0 = Release|Any CPU
	EndGlobalSection
	GlobalSection(SolutionProperties) = preSolution
		HideSolutionNode = FALSE
	EndGlobalSection
	GlobalSection(ExtensibilityGlobals) = postSolution
		SolutionGuid = {9444E1F3-6569-49C7-B1E4-213BC635F4B1}
	EndGlobalSection
EndGlobal
